
Microsoft Visual Studio Solution File, Format Version 12.00
# Visual Studio 14
VisualStudioVersion = 14.0.25420.1
MinimumVisualStudioVersion = 10.0.40219.1
Project("{2150E333-8FDC-42A3-9474-1A3956D46DE8}") = "01 - DataBase", "01 - DataBase", "{419D4485-C0DB-4597-BE8D-FD2B732064E5}"
EndProject
Project("{2150E333-8FDC-42A3-9474-1A3956D46DE8}") = "0101 - DB", "0101 - DB", "{9E63932A-7AB8-4F07-A098-5BF6B3B51F12}"
EndProject
Project("{00D1A9C2-B5F0-4AF3-8072-F6C62B433612}") = "XKNT.DB", "DataBase\XKNT.DB\XKNT.DB.sqlproj", "{19BBEA2F-7BA8-447A-9C30-AEEDC3CA955A}"
EndProject
Project("{2150E333-8FDC-42A3-9474-1A3956D46DE8}") = "02 - Source", "02 - Source", "{A1566C03-FB37-476A-A9D9-FFE71D961BFE}"
EndProject
Project("{2150E333-8FDC-42A3-9474-1A3956D46DE8}") = "0200 - ReferenceLib", "0200 - ReferenceLib", "{2FEA407A-FA0F-42CC-AD54-F07F34C8038A}"
EndProject
Project("{2150E333-8FDC-42A3-9474-1A3956D46DE8}") = "0201 - Framework", "0201 - Framework", "{793CB897-4EB0-43AA-A6D0-5604E4DE59EF}"
EndProject
Project("{2150E333-8FDC-42A3-9474-1A3956D46DE8}") = "0202 - Repository", "0202 - Repository", "{993A07ED-9CAA-4752-ABE2-90756981F98A}"
EndProject
Project("{2150E333-8FDC-42A3-9474-1A3956D46DE8}") = "0203 - Services", "0203 - Services", "{75A61E6A-8348-4B66-9EA4-0D7E998B591D}"
EndProject
Project("{2150E333-8FDC-42A3-9474-1A3956D46DE8}") = "0204 - Applications", "0204 - Applications", "{FEC48AC9-0451-4E92-A696-F92033E00606}"
EndProject
Project("{FAE04EC0-301F-11D3-BF4B-00C04F79EFBC}") = "XKNT.Platform.Controllers", "Source\Applications\XKNT.UI.PC.Controllers\XKNT.Platform.Controllers.csproj", "{59E2BDB6-A2F8-4296-AB86-144050D74739}"
EndProject
Project("{FAE04EC0-301F-11D3-BF4B-00C04F79EFBC}") = "XKNT.Platform.UI.PC", "Source\Applications\XKNT.UI.PC\XKNT.Platform.UI.PC.csproj", "{D2280831-585C-43CB-B6C3-C9C6D5EADA63}"
EndProject
Project("{FAE04EC0-301F-11D3-BF4B-00C04F79EFBC}") = "XKNT.Services", "Source\Services\XKNT.Services\XKNT.Services.csproj", "{C671E609-E38B-413D-8EE8-6D9D502940A1}"
EndProject
Project("{FAE04EC0-301F-11D3-BF4B-00C04F79EFBC}") = "XKNT.Domains", "Source\Services\XKNT.Domains\XKNT.Domains.csproj", "{DFD5B1DB-E452-4E3E-924B-EF502E5A453F}"
EndProject
Project("{2150E333-8FDC-42A3-9474-1A3956D46DE8}") = "P端应用", "P端应用", "{F498B504-A6FC-4F9C-A236-D94084390BF5}"
EndProject
Project("{2150E333-8FDC-42A3-9474-1A3956D46DE8}") = "C端应用", "C端应用", "{C5A3F088-CDD3-47DA-8C3E-D067F26B37A1}"
EndProject
Project("{FAE04EC0-301F-11D3-BF4B-00C04F79EFBC}") = "XKNT.Entities", "Source\Repository\XKNT.Entities\XKNT.Entities.csproj", "{413D3BC5-74CD-4B17-A466-901ECC9DF533}"
EndProject
Project("{FAE04EC0-301F-11D3-BF4B-00C04F79EFBC}") = "XKNT.Data", "Source\Repository\XKNT.Data\XKNT.Data.csproj", "{1BE81E76-C810-4E49-BEDE-E760246299A2}"
EndProject
Project("{FAE04EC0-301F-11D3-BF4B-00C04F79EFBC}") = "XKNT.Common", "Source\Framework\XKNT.Common\XKNT.Common.csproj", "{5E9320AE-9498-4BB9-9E61-9CAA3DA5EE3D}"
EndProject
Project("{2150E333-8FDC-42A3-9474-1A3956D46DE8}") = "S端应用", "S端应用", "{9C23AB3D-5AC9-45D3-A43E-3026E8EAE123}"
EndProject
Project("{FAE04EC0-301F-11D3-BF4B-00C04F79EFBC}") = "XKNT.Store.UI.PC", "Source\Applications\XKNT.Store.UI.PC\XKNT.Store.UI.PC.csproj", "{AF5DFE95-62CF-4985-A52D-4E53F32C509D}"
EndProject
Project("{FAE04EC0-301F-11D3-BF4B-00C04F79EFBC}") = "XKNT.Store.Controllers", "Source\Applications\XKNT.Store.Controllers\XKNT.Store.Controllers.csproj", "{85972157-0D07-4B7F-A082-21F936F6176B}"
EndProject
Project("{FAE04EC0-301F-11D3-BF4B-00C04F79EFBC}") = "XKNT.Mobile.UI", "Source\Applications\XKNT.Mobile.UI\XKNT.Mobile.UI.csproj", "{4DB52E67-A5BF-4DEE-8E90-31FF2396A764}"
EndProject
Project("{FAE04EC0-301F-11D3-BF4B-00C04F79EFBC}") = "XKNT.Mobile.Controllers", "Source\Applications\XKNT.Mobile.Controllers\XKNT.Mobile.Controllers.csproj", "{48EFEFA3-8B05-402A-BAE8-FFA3E1DB4CFE}"
EndProject
Project("{2150E333-8FDC-42A3-9474-1A3956D46DE8}") = "01 - UI", "01 - UI", "{B4812774-6C53-43A6-A7FE-D59223AA2B1E}"
EndProject
Project("{2150E333-8FDC-42A3-9474-1A3956D46DE8}") = "02 - Core", "02 - Core", "{9E56CCCF-5B5F-47F7-B815-C8928E4ED6D6}"
EndProject
Project("{2150E333-8FDC-42A3-9474-1A3956D46DE8}") = "01 - UI", "01 - UI", "{73262681-4CDB-4617-A038-ADB7F830F225}"
EndProject
Project("{2150E333-8FDC-42A3-9474-1A3956D46DE8}") = "02 - Core", "02 - Core", "{83635089-B4F5-4948-9729-97632B2667E2}"
EndProject
Project("{2150E333-8FDC-42A3-9474-1A3956D46DE8}") = "01 - UI", "01 - UI", "{51AD2862-A44C-45A0-99C3-45422EACFEDD}"
EndProject
Project("{2150E333-8FDC-42A3-9474-1A3956D46DE8}") = "02 - Core", "02 - Core", "{E48FA5D6-05CA-453A-B1C5-3E3CDA025DBC}"
EndProject
Global
	GlobalSection(SolutionConfigurationPlatforms) = preSolution
		Debug|Any CPU = Debug|Any CPU
		Release|Any CPU = Release|Any CPU
	EndGlobalSection
	GlobalSection(ProjectConfigurationPlatforms) = postSolution
		{19BBEA2F-7BA8-447A-9C30-AEEDC3CA955A}.Debug|Any CPU.ActiveCfg = Debug|Any CPU
		{19BBEA2F-7BA8-447A-9C30-AEEDC3CA955A}.Debug|Any CPU.Build.0 = Debug|Any CPU
		{19BBEA2F-7BA8-447A-9C30-AEEDC3CA955A}.Debug|Any CPU.Deploy.0 = Debug|Any CPU
		{19BBEA2F-7BA8-447A-9C30-AEEDC3CA955A}.Release|Any CPU.ActiveCfg = Release|Any CPU
		{19BBEA2F-7BA8-447A-9C30-AEEDC3CA955A}.Release|Any CPU.Build.0 = Release|Any CPU
		{19BBEA2F-7BA8-447A-9C30-AEEDC3CA955A}.Release|Any CPU.Deploy.0 = Release|Any CPU
		{59E2BDB6-A2F8-4296-AB86-144050D74739}.Debug|Any CPU.ActiveCfg = Debug|Any CPU
		{59E2BDB6-A2F8-4296-AB86-144050D74739}.Debug|Any CPU.Build.0 = Debug|Any CPU
		{59E2BDB6-A2F8-4296-AB86-144050D74739}.Release|Any CPU.ActiveCfg = Release|Any CPU
		{59E2BDB6-A2F8-4296-AB86-144050D74739}.Release|Any CPU.Build.0 = Release|Any CPU
		{D2280831-585C-43CB-B6C3-C9C6D5EADA63}.Debug|Any CPU.ActiveCfg = Debug|Any CPU
		{D2280831-585C-43CB-B6C3-C9C6D5EADA63}.Debug|Any CPU.Build.0 = Debug|Any CPU
		{D2280831-585C-43CB-B6C3-C9C6D5EADA63}.Release|Any CPU.ActiveCfg = Release|Any CPU
		{D2280831-585C-43CB-B6C3-C9C6D5EADA63}.Release|Any CPU.Build.0 = Release|Any CPU
		{C671E609-E38B-413D-8EE8-6D9D502940A1}.Debug|Any CPU.ActiveCfg = Debug|Any CPU
		{C671E609-E38B-413D-8EE8-6D9D502940A1}.Debug|Any CPU.Build.0 = Debug|Any CPU
		{C671E609-E38B-413D-8EE8-6D9D502940A1}.Release|Any CPU.ActiveCfg = Release|Any CPU
		{C671E609-E38B-413D-8EE8-6D9D502940A1}.Release|Any CPU.Build.0 = Release|Any CPU
		{DFD5B1DB-E452-4E3E-924B-EF502E5A453F}.Debug|Any CPU.ActiveCfg = Debug|Any CPU
		{DFD5B1DB-E452-4E3E-924B-EF502E5A453F}.Debug|Any CPU.Build.0 = Debug|Any CPU
		{DFD5B1DB-E452-4E3E-924B-EF502E5A453F}.Release|Any CPU.ActiveCfg = Release|Any CPU
		{DFD5B1DB-E452-4E3E-924B-EF502E5A453F}.Release|Any CPU.Build.0 = Release|Any CPU
		{413D3BC5-74CD-4B17-A466-901ECC9DF533}.Debug|Any CPU.ActiveCfg = Debug|Any CPU
		{413D3BC5-74CD-4B17-A466-901ECC9DF533}.Debug|Any CPU.Build.0 = Debug|Any CPU
		{413D3BC5-74CD-4B17-A466-901ECC9DF533}.Release|Any CPU.ActiveCfg = Release|Any CPU
		{413D3BC5-74CD-4B17-A466-901ECC9DF533}.Release|Any CPU.Build.0 = Release|Any CPU
		{1BE81E76-C810-4E49-BEDE-E760246299A2}.Debug|Any CPU.ActiveCfg = Debug|Any CPU
		{1BE81E76-C810-4E49-BEDE-E760246299A2}.Debug|Any CPU.Build.0 = Debug|Any CPU
		{1BE81E76-C810-4E49-BEDE-E760246299A2}.Release|Any CPU.ActiveCfg = Release|Any CPU
		{1BE81E76-C810-4E49-BEDE-E760246299A2}.Release|Any CPU.Build.0 = Release|Any CPU
		{5E9320AE-9498-4BB9-9E61-9CAA3DA5EE3D}.Debug|Any CPU.ActiveCfg = Debug|Any CPU
		{5E9320AE-9498-4BB9-9E61-9CAA3DA5EE3D}.Debug|Any CPU.Build.0 = Debug|Any CPU
		{5E9320AE-9498-4BB9-9E61-9CAA3DA5EE3D}.Release|Any CPU.ActiveCfg = Release|Any CPU
		{5E9320AE-9498-4BB9-9E61-9CAA3DA5EE3D}.Release|Any CPU.Build.0 = Release|Any CPU
		{AF5DFE95-62CF-4985-A52D-4E53F32C509D}.Debug|Any CPU.ActiveCfg = Debug|Any CPU
		{AF5DFE95-62CF-4985-A52D-4E53F32C509D}.Debug|Any CPU.Build.0 = Debug|Any CPU
		{AF5DFE95-62CF-4985-A52D-4E53F32C509D}.Release|Any CPU.ActiveCfg = Release|Any CPU
		{AF5DFE95-62CF-4985-A52D-4E53F32C509D}.Release|Any CPU.Build.0 = Release|Any CPU
		{85972157-0D07-4B7F-A082-21F936F6176B}.Debug|Any CPU.ActiveCfg = Debug|Any CPU
		{85972157-0D07-4B7F-A082-21F936F6176B}.Debug|Any CPU.Build.0 = Debug|Any CPU
		{85972157-0D07-4B7F-A082-21F936F6176B}.Release|Any CPU.ActiveCfg = Release|Any CPU
		{85972157-0D07-4B7F-A082-21F936F6176B}.Release|Any CPU.Build.0 = Release|Any CPU
		{4DB52E67-A5BF-4DEE-8E90-31FF2396A764}.Debug|Any CPU.ActiveCfg = Debug|Any CPU
		{4DB52E67-A5BF-4DEE-8E90-31FF2396A764}.Debug|Any CPU.Build.0 = Debug|Any CPU
		{4DB52E67-A5BF-4DEE-8E90-31FF2396A764}.Release|Any CPU.ActiveCfg = Release|Any CPU
		{4DB52E67-A5BF-4DEE-8E90-31FF2396A764}.Release|Any CPU.Build.0 = Release|Any CPU
		{48EFEFA3-8B05-402A-BAE8-FFA3E1DB4CFE}.Debug|Any CPU.ActiveCfg = Debug|Any CPU
		{48EFEFA3-8B05-402A-BAE8-FFA3E1DB4CFE}.Debug|Any CPU.Build.0 = Debug|Any CPU
		{48EFEFA3-8B05-402A-BAE8-FFA3E1DB4CFE}.Release|Any CPU.ActiveCfg = Release|Any CPU
		{48EFEFA3-8B05-402A-BAE8-FFA3E1DB4CFE}.Release|Any CPU.Build.0 = Release|Any CPU
	EndGlobalSection
	GlobalSection(SolutionProperties) = preSolution
		HideSolutionNode = FALSE
	EndGlobalSection
	GlobalSection(NestedProjects) = preSolution
		{9E63932A-7AB8-4F07-A098-5BF6B3B51F12} = {419D4485-C0DB-4597-BE8D-FD2B732064E5}
		{19BBEA2F-7BA8-447A-9C30-AEEDC3CA955A} = {9E63932A-7AB8-4F07-A098-5BF6B3B51F12}
		{2FEA407A-FA0F-42CC-AD54-F07F34C8038A} = {A1566C03-FB37-476A-A9D9-FFE71D961BFE}
		{793CB897-4EB0-43AA-A6D0-5604E4DE59EF} = {A1566C03-FB37-476A-A9D9-FFE71D961BFE}
		{993A07ED-9CAA-4752-ABE2-90756981F98A} = {A1566C03-FB37-476A-A9D9-FFE71D961BFE}
		{75A61E6A-8348-4B66-9EA4-0D7E998B591D} = {A1566C03-FB37-476A-A9D9-FFE71D961BFE}
		{FEC48AC9-0451-4E92-A696-F92033E00606} = {A1566C03-FB37-476A-A9D9-FFE71D961BFE}
		{59E2BDB6-A2F8-4296-AB86-144050D74739} = {83635089-B4F5-4948-9729-97632B2667E2}
		{D2280831-585C-43CB-B6C3-C9C6D5EADA63} = {73262681-4CDB-4617-A038-ADB7F830F225}
		{C671E609-E38B-413D-8EE8-6D9D502940A1} = {75A61E6A-8348-4B66-9EA4-0D7E998B591D}
		{DFD5B1DB-E452-4E3E-924B-EF502E5A453F} = {75A61E6A-8348-4B66-9EA4-0D7E998B591D}
		{F498B504-A6FC-4F9C-A236-D94084390BF5} = {FEC48AC9-0451-4E92-A696-F92033E00606}
		{C5A3F088-CDD3-47DA-8C3E-D067F26B37A1} = {FEC48AC9-0451-4E92-A696-F92033E00606}
		{413D3BC5-74CD-4B17-A466-901ECC9DF533} = {993A07ED-9CAA-4752-ABE2-90756981F98A}
		{1BE81E76-C810-4E49-BEDE-E760246299A2} = {993A07ED-9CAA-4752-ABE2-90756981F98A}
		{5E9320AE-9498-4BB9-9E61-9CAA3DA5EE3D} = {793CB897-4EB0-43AA-A6D0-5604E4DE59EF}
		{9C23AB3D-5AC9-45D3-A43E-3026E8EAE123} = {FEC48AC9-0451-4E92-A696-F92033E00606}
		{AF5DFE95-62CF-4985-A52D-4E53F32C509D} = {51AD2862-A44C-45A0-99C3-45422EACFEDD}
		{85972157-0D07-4B7F-A082-21F936F6176B} = {E48FA5D6-05CA-453A-B1C5-3E3CDA025DBC}
		{4DB52E67-A5BF-4DEE-8E90-31FF2396A764} = {B4812774-6C53-43A6-A7FE-D59223AA2B1E}
		{48EFEFA3-8B05-402A-BAE8-FFA3E1DB4CFE} = {9E56CCCF-5B5F-47F7-B815-C8928E4ED6D6}
		{B4812774-6C53-43A6-A7FE-D59223AA2B1E} = {C5A3F088-CDD3-47DA-8C3E-D067F26B37A1}
		{9E56CCCF-5B5F-47F7-B815-C8928E4ED6D6} = {C5A3F088-CDD3-47DA-8C3E-D067F26B37A1}
		{73262681-4CDB-4617-A038-ADB7F830F225} = {F498B504-A6FC-4F9C-A236-D94084390BF5}
		{83635089-B4F5-4948-9729-97632B2667E2} = {F498B504-A6FC-4F9C-A236-D94084390BF5}
		{51AD2862-A44C-45A0-99C3-45422EACFEDD} = {9C23AB3D-5AC9-45D3-A43E-3026E8EAE123}
		{E48FA5D6-05CA-453A-B1C5-3E3CDA025DBC} = {9C23AB3D-5AC9-45D3-A43E-3026E8EAE123}
	EndGlobalSection
EndGlobal
